
Microsoft Visual Studio Solution File, Format Version 12.00
# Visual Studio Version 16
VisualStudioVersion = 16.0.30011.22
MinimumVisualStudioVersion = 10.0.40219.1
Project("{FAE04EC0-301F-11D3-BF4B-00C04F79EFBC}") = "AKQADataAPI", "AKQADataAPI\AKQADataAPI.csproj", "{3232C94A-BF0C-482A-95D2-0D315365F6F9}"
EndProject
Project("{FAE04EC0-301F-11D3-BF4B-00C04F79EFBC}") = "AKQADataAPI.Tests", "AKQADataAPI.Tests\AKQADataAPI.Tests.csproj", "{FB431154-F36A-400E-81C4-45A730BABA8B}"
EndProject
Global
	GlobalSection(SolutionConfigurationPlatforms) = preSolution
		Debug|Any CPU = Debug|Any CPU
		Release|Any CPU = Release|Any CPU
	EndGlobalSection
	GlobalSection(ProjectConfigurationPlatforms) = postSolution
		{3232C94A-BF0C-482A-95D2-0D315365F6F9}.Debug|Any CPU.ActiveCfg = Debug|Any CPU
		{3232C94A-BF0C-482A-95D2-0D315365F6F9}.Debug|Any CPU.Build.0 = Debug|Any CPU
		{3232C94A-BF0C-482A-95D2-0D315365F6F9}.Release|Any CPU.ActiveCfg = Release|Any CPU
		{3232C94A-BF0C-482A-95D2-0D315365F6F9}.Release|Any CPU.Build.0 = Release|Any CPU
		{FB431154-F36A-400E-81C4-45A730BABA8B}.Debug|Any CPU.ActiveCfg = Debug|Any CPU
		{FB431154-F36A-400E-81C4-45A730BABA8B}.Debug|Any CPU.Build.0 = Debug|Any CPU
		{FB431154-F36A-400E-81C4-45A730BABA8B}.Release|Any CPU.ActiveCfg = Release|Any CPU
		{FB431154-F36A-400E-81C4-45A730BABA8B}.Release|Any CPU.Build.0 = Release|Any CPU
	EndGlobalSection
	GlobalSection(SolutionProperties) = preSolution
		HideSolutionNode = FALSE
	EndGlobalSection
	GlobalSection(ExtensibilityGlobals) = postSolution
		SolutionGuid = {8AB26DD8-2343-40F1-99EE-8D8C7BF10D41}
	EndGlobalSection
EndGlobal
